{
    "_meta": {
        "hash": {
            "sha256": "34065c50ea125e50203688fc145514b6a8ebc42bb03d097c7e7176d21221410b"
        },
        "pipfile-spec": 6,
        "requires": {
            "python_version": "3.13"
        },
        "sources": [
            {
                "name": "pypi",
                "url": "https://pypi.org/simple",
                "verify_ssl": true
            }
        ]
    },
    "default": {
        "arpeggio": {
            "hashes": [
                "sha256:c790b2b06e226d2dd468e4fbfb5b7f506cec66416031fde1441cf1de2a0ba700",
                "sha256:f7c8ae4f4056a89e020c24c7202ac8df3e2bc84e416746f20b0da35bb1de0250"
            ],
            "version": "==2.0.2"
        },
        "attrs": {
            "hashes": [
                "sha256:427318ce031701fea540783410126f03899a97ffc6f61596ad581ac2e40e3bc3",
                "sha256:75d7cefc7fb576747b2c81b4442d4d4a1ce0900973527c011d1030fd3bf4af1b"
            ],
            "markers": "python_version >= '3.8'",
            "version": "==25.3.0"
        },
        "debugpy": {
            "hashes": [
                "sha256:047a493ca93c85ccede1dbbaf4e66816794bdc214213dde41a9a61e42d27f8fc",
                "sha256:054cd4935bd2e4964dfe1aeee4d6bca89d0c833366776fc35387f8a2f517dd00",
                "sha256:085b6d0adb3eb457c2823ac497a0690b10a99eff8b01c01a041e84579f114b56",
                "sha256:21c4288e662997df3176c4b9d93ee1393913fbaf320732be332d538000c53208",
                "sha256:3dcc7225cb317469721ab5136cda9ff9c8b6e6fb43e87c9e15d5b108b99d01ba",
                "sha256:58d7a20b7773ab5ee6bdfb2e6cf622fdf1e40c9d5aef2857d85391526719ac00",
                "sha256:62954fb904bec463e2b5a415777f6d1926c97febb08ef1694da0e5d1463c5c3b",
                "sha256:71cdf7f676af78e70f005c7fad2ef9da0edc2a24befbf3ab146a51f0d58048c2",
                "sha256:73c943776cb83e36baf95e8f7f8da765896fd94b05991e7bc162456d25500683",
                "sha256:7fd0b6b5eccaa745c214fd240ea82f46049d99ef74b185a3517dad3ea1ec55d9",
                "sha256:8181cce4d344010f6bfe94a531c351a46a96b0f7987750932b2908e7a1e14a55",
                "sha256:94dc0f0d00e528d915e0ce1c78e771475b2335b376c49afcc7382ee0b146bab6",
                "sha256:aaa8ce6a37d764f93fe583d7c6ca58eb7550b36941387483db113125f122bb0d",
                "sha256:ae0d445fe11ff4351428e6c2389e904e1cdcb4a47785da5a5ec4af6c5b95fce5",
                "sha256:af2dcae4e4cd6e8b35f982ccab29fe65f7e8766e10720a717bc80c464584ee21",
                "sha256:b08e9b0bc260cf324c890626961dad4ffd973f7568fbf57feb3c3a65ab6b6327",
                "sha256:babc4fb1962dd6a37e94d611280e3d0d11a1f5e6c72ac9b3d87a08212c4b6dd3",
                "sha256:bce2e6c5ff4f2e00b98d45e7e01a49c7b489ff6df5f12d881c67d2f1ac635f3d",
                "sha256:cd546a405381d17527814852642df0a74b7da8acc20ae5f3cfad0b7c86419511",
                "sha256:de7db80189ca97ab4b10a87e4039cfe4dd7ddfccc8f33b5ae40fcd33792fc67a",
                "sha256:e2a4fe357c92334272eb2845fcfcdbec3ef9f22c16cf613c388ac0887aed15fa",
                "sha256:e9a8125c85172e3ec30985012e7a81ea5e70bbb836637f8a4104f454f9b06c97",
                "sha256:f5e01291ad7d6649aed5773256c5bba7a1a556196300232de1474c3c372592bf",
                "sha256:f778e68f2986a58479d0ac4f643e0b8c82fdd97c2e200d4d61e7c2d13838eb53",
                "sha256:f9d1b5abd75cd965e2deabb1a06b0e93a1546f31f9f621d2705e78104377c702",
                "sha256:fcf0748d4f6e25f89dc5e013d1129ca6f26ad4da405e0723a4f704583896a709"
            ],
            "markers": "python_version >= '3.8'",
            "version": "==1.8.15"
        },
        "dill": {
            "hashes": [
                "sha256:0633f1d2df477324f53a895b02c901fb961bdbf65a17122586ea7019292cbcf0",
                "sha256:44f54bf6412c2c8464c14e8243eb163690a9800dbe2c367330883b19c7561049"
            ],
            "markers": "python_version >= '3.8'",
            "version": "==0.4.0"
        },
        "grpcio": {
            "hashes": [
                "sha256:02697eb4a5cbe5a9639f57323b4c37bcb3ab2d48cec5da3dc2f13334d72790dd",
                "sha256:03b0b307ba26fae695e067b94cbb014e27390f8bc5ac7a3a39b7723fed085604",
                "sha256:05bc2ceadc2529ab0b227b1310d249d95d9001cd106aa4d31e8871ad3c428d73",
                "sha256:06de8ec0bd71be123eec15b0e0d457474931c2c407869b6c349bd9bed4adbac3",
                "sha256:0be4e0490c28da5377283861bed2941d1d20ec017ca397a5df4394d1c31a9b50",
                "sha256:12fda97ffae55e6526825daf25ad0fa37483685952b5d0f910d6405c87e3adb6",
                "sha256:1caa38fb22a8578ab8393da99d4b8641e3a80abc8fd52646f1ecc92bcb8dee34",
                "sha256:2018b053aa15782db2541ca01a7edb56a0bf18c77efed975392583725974b249",
                "sha256:20657d6b8cfed7db5e11b62ff7dfe2e12064ea78e93f1434d61888834bc86d75",
                "sha256:2335c58560a9e92ac58ff2bc5649952f9b37d0735608242973c7a8b94a6437d8",
                "sha256:31fd163105464797a72d901a06472860845ac157389e10f12631025b3e4d0453",
                "sha256:38b68498ff579a3b1ee8f93a05eb48dc2595795f2f62716e797dc24774c1aaa8",
                "sha256:3b00efc473b20d8bf83e0e1ae661b98951ca56111feb9b9611df8efc4fe5d55d",
                "sha256:3ed71e81782966ffead60268bbda31ea3f725ebf8aa73634d5dda44f2cf3fb9c",
                "sha256:45a3d462826f4868b442a6b8fdbe8b87b45eb4f5b5308168c156b21eca43f61c",
                "sha256:49f0ca7ae850f59f828a723a9064cadbed90f1ece179d375966546499b8a2c9c",
                "sha256:4e504572433f4e72b12394977679161d495c4c9581ba34a88d843eaf0f2fbd39",
                "sha256:4ea1d062c9230278793820146c95d038dc0f468cbdd172eec3363e42ff1c7d01",
                "sha256:563588c587b75c34b928bc428548e5b00ea38c46972181a4d8b75ba7e3f24231",
                "sha256:6001e575b8bbd89eee11960bb640b6da6ae110cf08113a075f1e2051cc596cae",
                "sha256:66a0cd8ba6512b401d7ed46bb03f4ee455839957f28b8d61e7708056a806ba6a",
                "sha256:6851de821249340bdb100df5eacfecfc4e6075fa85c6df7ee0eb213170ec8e5d",
                "sha256:728bdf36a186e7f51da73be7f8d09457a03061be848718d0edf000e709418987",
                "sha256:73e3b425c1e155730273f73e419de3074aa5c5e936771ee0e4af0814631fb30a",
                "sha256:73fc8f8b9b5c4a03e802b3cd0c18b2b06b410d3c1dcbef989fdeb943bd44aff7",
                "sha256:78fa51ebc2d9242c0fc5db0feecc57a9943303b46664ad89921f5079e2e4ada7",
                "sha256:7b2c86457145ce14c38e5bf6bdc19ef88e66c5fee2c3d83285c5aef026ba93b3",
                "sha256:7d69ce1f324dc2d71e40c9261d3fdbe7d4c9d60f332069ff9b2a4d8a257c7b2b",
                "sha256:802d84fd3d50614170649853d121baaaa305de7b65b3e01759247e768d691ddf",
                "sha256:80fd702ba7e432994df208f27514280b4b5c6843e12a48759c9255679ad38db8",
                "sha256:8ac475e8da31484efa25abb774674d837b343afb78bb3bcdef10f81a93e3d6bf",
                "sha256:950da58d7d80abd0ea68757769c9db0a95b31163e53e5bb60438d263f4bed7b7",
                "sha256:99a641995a6bc4287a6315989ee591ff58507aa1cbe4c2e70d88411c4dcc0839",
                "sha256:9c3a99c519f4638e700e9e3f83952e27e2ea10873eecd7935823dab0c1c9250e",
                "sha256:9c509a4f78114cbc5f0740eb3d7a74985fd2eff022971bc9bc31f8bc93e66a3b",
                "sha256:a18e20d8321c6400185b4263e27982488cb5cdd62da69147087a76a24ef4e7e3",
                "sha256:a917d26e0fe980b0ac7bfcc1a3c4ad6a9a4612c911d33efb55ed7833c749b0ee",
                "sha256:a9539f01cb04950fd4b5ab458e64a15f84c2acc273670072abe49a3f29bbad54",
                "sha256:ad2efdbe90c73b0434cbe64ed372e12414ad03c06262279b104a029d1889d13e",
                "sha256:b672abf90a964bfde2d0ecbce30f2329a47498ba75ce6f4da35a2f4532b7acbc",
                "sha256:bbd27c24a4cc5e195a7f56cfd9312e366d5d61b86e36d46bbe538457ea6eb8dd",
                "sha256:c400ba5675b67025c8a9f48aa846f12a39cf0c44df5cd060e23fda5b30e9359d",
                "sha256:c408f5ef75cfffa113cacd8b0c0e3611cbfd47701ca3cdc090594109b9fcbaed",
                "sha256:c806852deaedee9ce8280fe98955c9103f62912a5b2d5ee7e3eaa284a6d8d8e7",
                "sha256:ce89f5876662f146d4c1f695dda29d4433a5d01c8681fbd2539afff535da14d4",
                "sha256:d25a14af966438cddf498b2e338f88d1c9706f3493b1d73b93f695c99c5f0e2a",
                "sha256:d8d4732cc5052e92cea2f78b233c2e2a52998ac40cd651f40e398893ad0d06ec",
                "sha256:d9a9724a156c8ec6a379869b23ba3323b7ea3600851c91489b871e375f710bc8",
                "sha256:e636ce23273683b00410f1971d209bf3689238cf5538d960adc3cdfe80dd0dbd",
                "sha256:e88264caad6d8d00e7913996030bac8ad5f26b7411495848cc218bd3a9040b6c",
                "sha256:f145cc21836c332c67baa6fc81099d1d27e266401565bf481948010d6ea32d46",
                "sha256:fb57870449dfcfac428afbb5a877829fcb0d6db9d9baa1148705739e9083880e",
                "sha256:fb70487c95786e345af5e854ffec8cb8cc781bcc5df7930c4fbb7feaa72e1cdf",
                "sha256:fe96281713168a3270878255983d2cb1a97e034325c8c2c25169a69289d3ecfa",
                "sha256:ff1f7882e56c40b0d33c4922c15dfa30612f05fb785074a012f7cda74d1c3679"
            ],
            "markers": "python_version >= '3.8'",
            "version": "==1.66.2"
        },
        "parver": {
            "hashes": [
                "sha256:2281b187276c8e8e3c15634f62287b2fb6fe0efe3010f739a6bd1e45fa2bf2b2",
                "sha256:b9fde1e6bb9ce9f07e08e9c4bea8d8825c5e78e18a0052d02e02bf9517eb4777"
            ],
            "markers": "python_version >= '3.8'",
            "version": "==0.5"
        },
        "pip": {
            "hashes": [
                "sha256:2913a38a2abf4ea6b64ab507bd9e967f3b53dc1ede74b01b0931e1ce548751af",
                "sha256:3de45d411d308d5054c2168185d8da7f9a2cd753dbac8acbfa88a8909ecd9077"
            ],
            "markers": "python_version >= '3.9'",
            "version": "==25.1.1"
        },
        "protobuf": {
            "hashes": [
                "sha256:077ff8badf2acf8bc474406706ad890466274191a48d0abd3bd6987107c9cde5",
                "sha256:15a0af558aa3b13efef102ae6e4f3efac06f1eea11afb3a57db2901447d9fb59",
                "sha256:27d498ffd1f21fb81d987a041c32d07857d1d107909f5134ba3350e1ce80a4af",
                "sha256:504435d831565f7cfac9f0714440028907f1975e4bed228e58e72ecfff58a1e0",
                "sha256:6135cf8affe1fc6f76cced2641e4ea8d3e59518d1f24ae41ba97bcad82d397cd",
                "sha256:83e6e54e93d2b696a92cad6e6efc924f3850f82b52e1563778dfab8b355101b0",
                "sha256:9ad7ef62d92baf5a8654fbb88dac7fa5594cfa70fd3440488a5ca3bfc6d795a7",
                "sha256:bd551eb1fe1d7e92c1af1d75bdfa572eff1ab0e5bf1736716814cdccdb2360f9",
                "sha256:ca809b42f4444f144f2115c4c1a747b9a404d590f18f37e9402422033e464e0f",
                "sha256:d552c53d0415449c8d17ced5c341caba0d89dbf433698e1436c8fa0aae7808a3",
                "sha256:f4510b93a3bec6eba8fd8f1093e9d7fb0d4a24d1a81377c10c0e5bbfe9e4ed24"
            ],
            "markers": "python_version >= '3.8'",
            "version": "==4.25.8"
        },
        "pulumi": {
            "hashes": [
                "sha256:2a66ed80f16b1f5b00e647e36124b69b36ccc55b9095573901019aaa885e9910"
            ],
            "index": "pypi",
            "markers": "python_version >= '3.9'",
            "version": "==3.185.0"
        },
        "pulumi-azure-native": {
            "hashes": [
                "sha256:8e33dd6c481c4ade4e95a95b5b2ac103ea059bc60965e8f2afdfd656dd1cdb49",
                "sha256:ce6cf3aa83377b487456076f07f81a51f5d6b815e4462d4217dd0742ce27ff55"
            ],
            "index": "pypi",
            "markers": "python_version >= '3.9'",
            "version": "==3.5.1"
        },
        "pyyaml": {
            "hashes": [
                "sha256:01179a4a8559ab5de078078f37e5c1a30d76bb88519906844fd7bdea1b7729ff",
                "sha256:0833f8694549e586547b576dcfaba4a6b55b9e96098b36cdc7ebefe667dfed48",
                "sha256:0a9a2848a5b7feac301353437eb7d5957887edbf81d56e903999a75a3d743086",
                "sha256:0b69e4ce7a131fe56b7e4d770c67429700908fc0752af059838b1cfb41960e4e",
                "sha256:0ffe8360bab4910ef1b9e87fb812d8bc0a308b0d0eef8c8f44e0254ab3b07133",
                "sha256:11d8f3dd2b9c1207dcaf2ee0bbbfd5991f571186ec9cc78427ba5bd32afae4b5",
                "sha256:17e311b6c678207928d649faa7cb0d7b4c26a0ba73d41e99c4fff6b6c3276484",
                "sha256:1e2120ef853f59c7419231f3bf4e7021f1b936f6ebd222406c3b60212205d2ee",
                "sha256:1f71ea527786de97d1a0cc0eacd1defc0985dcf6b3f17bb77dcfc8c34bec4dc5",
                "sha256:23502f431948090f597378482b4812b0caae32c22213aecf3b55325e049a6c68",
                "sha256:24471b829b3bf607e04e88d79542a9d48bb037c2267d7927a874e6c205ca7e9a",
                "sha256:29717114e51c84ddfba879543fb232a6ed60086602313ca38cce623c1d62cfbf",
                "sha256:2e99c6826ffa974fe6e27cdb5ed0021786b03fc98e5ee3c5bfe1fd5015f42b99",
                "sha256:39693e1f8320ae4f43943590b49779ffb98acb81f788220ea932a6b6c51004d8",
                "sha256:3ad2a3decf9aaba3d29c8f537ac4b243e36bef957511b4766cb0057d32b0be85",
                "sha256:3b1fdb9dc17f5a7677423d508ab4f243a726dea51fa5e70992e59a7411c89d19",
                "sha256:41e4e3953a79407c794916fa277a82531dd93aad34e29c2a514c2c0c5fe971cc",
                "sha256:43fa96a3ca0d6b1812e01ced1044a003533c47f6ee8aca31724f78e93ccc089a",
                "sha256:50187695423ffe49e2deacb8cd10510bc361faac997de9efef88badc3bb9e2d1",
                "sha256:5ac9328ec4831237bec75defaf839f7d4564be1e6b25ac710bd1a96321cc8317",
                "sha256:5d225db5a45f21e78dd9358e58a98702a0302f2659a3c6cd320564b75b86f47c",
                "sha256:6395c297d42274772abc367baaa79683958044e5d3835486c16da75d2a694631",
                "sha256:688ba32a1cffef67fd2e9398a2efebaea461578b0923624778664cc1c914db5d",
                "sha256:68ccc6023a3400877818152ad9a1033e3db8625d899c72eacb5a668902e4d652",
                "sha256:70b189594dbe54f75ab3a1acec5f1e3faa7e8cf2f1e08d9b561cb41b845f69d5",
                "sha256:797b4f722ffa07cc8d62053e4cff1486fa6dc094105d13fea7b1de7d8bf71c9e",
                "sha256:7c36280e6fb8385e520936c3cb3b8042851904eba0e58d277dca80a5cfed590b",
                "sha256:7e7401d0de89a9a855c839bc697c079a4af81cf878373abd7dc625847d25cbd8",
                "sha256:80bab7bfc629882493af4aa31a4cfa43a4c57c83813253626916b8c7ada83476",
                "sha256:82d09873e40955485746739bcb8b4586983670466c23382c19cffecbf1fd8706",
                "sha256:8388ee1976c416731879ac16da0aff3f63b286ffdd57cdeb95f3f2e085687563",
                "sha256:8824b5a04a04a047e72eea5cec3bc266db09e35de6bdfe34c9436ac5ee27d237",
                "sha256:8b9c7197f7cb2738065c481a0461e50ad02f18c78cd75775628afb4d7137fb3b",
                "sha256:9056c1ecd25795207ad294bcf39f2db3d845767be0ea6e6a34d856f006006083",
                "sha256:936d68689298c36b53b29f23c6dbb74de12b4ac12ca6cfe0e047bedceea56180",
                "sha256:9b22676e8097e9e22e36d6b7bda33190d0d400f345f23d4065d48f4ca7ae0425",
                "sha256:a4d3091415f010369ae4ed1fc6b79def9416358877534caf6a0fdd2146c87a3e",
                "sha256:a8786accb172bd8afb8be14490a16625cbc387036876ab6ba70912730faf8e1f",
                "sha256:a9f8c2e67970f13b16084e04f134610fd1d374bf477b17ec1599185cf611d725",
                "sha256:bc2fa7c6b47d6bc618dd7fb02ef6fdedb1090ec036abab80d4681424b84c1183",
                "sha256:c70c95198c015b85feafc136515252a261a84561b7b1d51e3384e0655ddf25ab",
                "sha256:cc1c1159b3d456576af7a3e4d1ba7e6924cb39de8f67111c735f6fc832082774",
                "sha256:ce826d6ef20b1bc864f0a68340c8b3287705cae2f8b4b1d932177dcc76721725",
                "sha256:d584d9ec91ad65861cc08d42e834324ef890a082e591037abe114850ff7bbc3e",
                "sha256:d7fded462629cfa4b685c5416b949ebad6cec74af5e2d42905d41e257e0869f5",
                "sha256:d84a1718ee396f54f3a086ea0a66d8e552b2ab2017ef8b420e92edbc841c352d",
                "sha256:d8e03406cac8513435335dbab54c0d385e4a49e4945d2909a581c83647ca0290",
                "sha256:e10ce637b18caea04431ce14fabcf5c64a1c61ec9c56b071a4b7ca131ca52d44",
                "sha256:ec031d5d2feb36d1d1a24380e4db6d43695f3748343d99434e6f5f9156aaa2ed",
                "sha256:ef6107725bd54b262d6dedcc2af448a266975032bc85ef0172c5f059da6325b4",
                "sha256:efdca5630322a10774e8e98e1af481aad470dd62c3170801852d752aa7a783ba",
                "sha256:f753120cb8181e736c57ef7636e83f31b9c0d1722c516f7e86cf15b7aa57ff12",
                "sha256:ff3824dc5261f50c9b0dfb3be22b4567a6f938ccce4587b38952d85fd9e9afe4"
            ],
            "markers": "python_version >= '3.8'",
            "version": "==6.0.2"
        },
        "semver": {
            "hashes": [
                "sha256:9c824d87ba7f7ab4a1890799cec8596f15c1241cb473404ea1cb0c55e4b04746",
                "sha256:afc7d8c584a5ed0a11033af086e8af226a9c0b206f313e0301f8dd7b6b589602"
            ],
            "markers": "python_version >= '3.7'",
            "version": "==3.0.4"
        }
    },
    "develop": {}
}
